{
    "_meta": {
        "hash": {
            "sha256": "3af5303c66d75c6233c89ea49626e51d6ed60bca1576de8ac5be4fe445bd193f"
        },
        "pipfile-spec": 6,
        "requires": {
            "python_version": "3.8"
        },
        "sources": [
            {
                "name": "pypi",
                "url": "https://pypi.org/simple",
                "verify_ssl": true
            }
        ]
    },
    "default": {},
    "develop": {}
}
